
Microsoft Visual Studio Solution File, Format Version 12.00
# Visual Studio Version 17
VisualStudioVersion = 17.5.33627.172
MinimumVisualStudioVersion = 10.0.40219.1
Project("{FAE04EC0-301F-11D3-BF4B-00C04F79EFBC}") = "HelloCampus02", "HelloCampus02\HelloCampus02.csproj", "{3FAA081B-AB8D-4D79-8099-EE6E243C715D}"
EndProject
Project("{FAE04EC0-301F-11D3-BF4B-00C04F79EFBC}") = "DataBindingSample", "DataBindingSample\DataBindingSample.csproj", "{D3FBAFFD-C813-4584-923C-55AFCC6D2522}"
EndProject
Project("{FAE04EC0-301F-11D3-BF4B-00C04F79EFBC}") = "TicketBestellung", "TicketBestellung\TicketBestellung.csproj", "{1E129B77-73BA-4A8B-98B9-F6E24E23226A}"
EndProject
Project("{FAE04EC0-301F-11D3-BF4B-00C04F79EFBC}") = "LieferkostenBerechnung", "LieferkostenBerechnung\LieferkostenBerechnung.csproj", "{6EE0285E-C8C2-4C92-9F81-F7BC0CB7C4BA}"
EndProject
Global
	GlobalSection(SolutionConfigurationPlatforms) = preSolution
		Debug|Any CPU = Debug|Any CPU
		Release|Any CPU = Release|Any CPU
	EndGlobalSection
	GlobalSection(ProjectConfigurationPlatforms) = postSolution
		{3FAA081B-AB8D-4D79-8099-EE6E243C715D}.Debug|Any CPU.ActiveCfg = Debug|Any CPU
		{3FAA081B-AB8D-4D79-8099-EE6E243C715D}.Debug|Any CPU.Build.0 = Debug|Any CPU
		{3FAA081B-AB8D-4D79-8099-EE6E243C715D}.Release|Any CPU.ActiveCfg = Release|Any CPU
		{3FAA081B-AB8D-4D79-8099-EE6E243C715D}.Release|Any CPU.Build.0 = Release|Any CPU
		{D3FBAFFD-C813-4584-923C-55AFCC6D2522}.Debug|Any CPU.ActiveCfg = Debug|Any CPU
		{D3FBAFFD-C813-4584-923C-55AFCC6D2522}.Debug|Any CPU.Build.0 = Debug|Any CPU
		{D3FBAFFD-C813-4584-923C-55AFCC6D2522}.Release|Any CPU.ActiveCfg = Release|Any CPU
		{D3FBAFFD-C813-4584-923C-55AFCC6D2522}.Release|Any CPU.Build.0 = Release|Any CPU
		{1E129B77-73BA-4A8B-98B9-F6E24E23226A}.Debug|Any CPU.ActiveCfg = Debug|Any CPU
		{1E129B77-73BA-4A8B-98B9-F6E24E23226A}.Debug|Any CPU.Build.0 = Debug|Any CPU
		{1E129B77-73BA-4A8B-98B9-F6E24E23226A}.Release|Any CPU.ActiveCfg = Release|Any CPU
		{1E129B77-73BA-4A8B-98B9-F6E24E23226A}.Release|Any CPU.Build.0 = Release|Any CPU
		{6EE0285E-C8C2-4C92-9F81-F7BC0CB7C4BA}.Debug|Any CPU.ActiveCfg = Debug|Any CPU
		{6EE0285E-C8C2-4C92-9F81-F7BC0CB7C4BA}.Debug|Any CPU.Build.0 = Debug|Any CPU
		{6EE0285E-C8C2-4C92-9F81-F7BC0CB7C4BA}.Release|Any CPU.ActiveCfg = Release|Any CPU
		{6EE0285E-C8C2-4C92-9F81-F7BC0CB7C4BA}.Release|Any CPU.Build.0 = Release|Any CPU
	EndGlobalSection
	GlobalSection(SolutionProperties) = preSolution
		HideSolutionNode = FALSE
	EndGlobalSection
	GlobalSection(ExtensibilityGlobals) = postSolution
		SolutionGuid = {93B4777F-DC8A-440D-BCF3-FD86CC8375F5}
	EndGlobalSection
EndGlobal
